
Microsoft Visual Studio Solution File, Format Version 12.00
# Visual Studio Version 17
VisualStudioVersion = 17.1.32328.378
MinimumVisualStudioVersion = 10.0.40219.1
Project("{8BC9CEB8-8B4A-11D0-8D11-00A0C91BC942}") = "Homework 1", "Control structures\Control structures.vcxproj", "{9D99B822-F860-4C56-8430-DC4C26569BFE}"
EndProject
Project("{8BC9CEB8-8B4A-11D0-8D11-00A0C91BC942}") = "Homework 2", "Homework 2\Homework 2.vcxproj", "{835ECD49-9033-4D81-AD69-5E6E1E535672}"
EndProject
Project("{8BC9CEB8-8B4A-11D0-8D11-00A0C91BC942}") = "Homework 3", "Homework 3\Homework 3.vcxproj", "{65C3D9A3-844E-4401-8997-7CE01FE2E5F0}"
EndProject
Project("{8BC9CEB8-8B4A-11D0-8D11-00A0C91BC942}") = "Homework 4", "Homework 4\Homework 4.vcxproj", "{97E3DDE2-6A37-4F4D-933E-FDB1772CC9C0}"
EndProject
Project("{8BC9CEB8-8B4A-11D0-8D11-00A0C91BC942}") = "Homework 5", "Homework 5\Homework 5.vcxproj", "{9A7FF1D0-C555-4AD6-84D5-CF4C9703E1B0}"
EndProject
Project("{8BC9CEB8-8B4A-11D0-8D11-00A0C91BC942}") = "Analysis Homework 2", "Analysis Homework_2\Analysis Homework_2.vcxproj", "{BD9B6D0E-D789-4C76-9D8F-AC88FF0CAAF3}"
EndProject
Project("{8BC9CEB8-8B4A-11D0-8D11-00A0C91BC942}") = "Homework 6", "Homework 6\Homework 6.vcxproj", "{DAF0D618-F83E-4462-8433-8DFE121CFB88}"
EndProject
Project("{8BC9CEB8-8B4A-11D0-8D11-00A0C91BC942}") = "Homework 7", "Homework 7\Homework 7.vcxproj", "{86C2D239-38CC-415C-B887-76187F03C520}"
EndProject
Project("{8BC9CEB8-8B4A-11D0-8D11-00A0C91BC942}") = "Analysis Homework 7", "Analysis Homework 7\Analysis Homework 7.vcxproj", "{B300E17B-1256-4308-BCAC-97354C6B4C9B}"
EndProject
Project("{8BC9CEB8-8B4A-11D0-8D11-00A0C91BC942}") = "FOR", "FOR\FOR.vcxproj", "{2CB2C33B-7C8C-4FF3-9D52-291E29E358A0}"
EndProject
Project("{8BC9CEB8-8B4A-11D0-8D11-00A0C91BC942}") = "Analysis Homework 3", "Analysis Homework 3\Analysis Homework 3.vcxproj", "{8BF74E79-EC25-49B8-A039-522FB67DE6DA}"
EndProject
Project("{8BC9CEB8-8B4A-11D0-8D11-00A0C91BC942}") = "Homework 8", "Homework 8\Homework 8.vcxproj", "{6057A351-3202-415F-911E-5BC333EA435F}"
EndProject
Global
	GlobalSection(SolutionConfigurationPlatforms) = preSolution
		Debug|x64 = Debug|x64
		Debug|x86 = Debug|x86
		Release|x64 = Release|x64
		Release|x86 = Release|x86
	EndGlobalSection
	GlobalSection(ProjectConfigurationPlatforms) = postSolution
		{9D99B822-F860-4C56-8430-DC4C26569BFE}.Debug|x64.ActiveCfg = Debug|x64
		{9D99B822-F860-4C56-8430-DC4C26569BFE}.Debug|x64.Build.0 = Debug|x64
		{9D99B822-F860-4C56-8430-DC4C26569BFE}.Debug|x86.ActiveCfg = Debug|Win32
		{9D99B822-F860-4C56-8430-DC4C26569BFE}.Debug|x86.Build.0 = Debug|Win32
		{9D99B822-F860-4C56-8430-DC4C26569BFE}.Release|x64.ActiveCfg = Release|x64
		{9D99B822-F860-4C56-8430-DC4C26569BFE}.Release|x64.Build.0 = Release|x64
		{9D99B822-F860-4C56-8430-DC4C26569BFE}.Release|x86.ActiveCfg = Release|Win32
		{9D99B822-F860-4C56-8430-DC4C26569BFE}.Release|x86.Build.0 = Release|Win32
		{835ECD49-9033-4D81-AD69-5E6E1E535672}.Debug|x64.ActiveCfg = Debug|x64
		{835ECD49-9033-4D81-AD69-5E6E1E535672}.Debug|x64.Build.0 = Debug|x64
		{835ECD49-9033-4D81-AD69-5E6E1E535672}.Debug|x86.ActiveCfg = Debug|Win32
		{835ECD49-9033-4D81-AD69-5E6E1E535672}.Debug|x86.Build.0 = Debug|Win32
		{835ECD49-9033-4D81-AD69-5E6E1E535672}.Release|x64.ActiveCfg = Release|x64
		{835ECD49-9033-4D81-AD69-5E6E1E535672}.Release|x64.Build.0 = Release|x64
		{835ECD49-9033-4D81-AD69-5E6E1E535672}.Release|x86.ActiveCfg = Release|Win32
		{835ECD49-9033-4D81-AD69-5E6E1E535672}.Release|x86.Build.0 = Release|Win32
		{65C3D9A3-844E-4401-8997-7CE01FE2E5F0}.Debug|x64.ActiveCfg = Debug|x64
		{65C3D9A3-844E-4401-8997-7CE01FE2E5F0}.Debug|x64.Build.0 = Debug|x64
		{65C3D9A3-844E-4401-8997-7CE01FE2E5F0}.Debug|x86.ActiveCfg = Debug|Win32
		{65C3D9A3-844E-4401-8997-7CE01FE2E5F0}.Debug|x86.Build.0 = Debug|Win32
		{65C3D9A3-844E-4401-8997-7CE01FE2E5F0}.Release|x64.ActiveCfg = Release|x64
		{65C3D9A3-844E-4401-8997-7CE01FE2E5F0}.Release|x64.Build.0 = Release|x64
		{65C3D9A3-844E-4401-8997-7CE01FE2E5F0}.Release|x86.ActiveCfg = Release|Win32
		{65C3D9A3-844E-4401-8997-7CE01FE2E5F0}.Release|x86.Build.0 = Release|Win32
		{97E3DDE2-6A37-4F4D-933E-FDB1772CC9C0}.Debug|x64.ActiveCfg = Debug|x64
		{97E3DDE2-6A37-4F4D-933E-FDB1772CC9C0}.Debug|x64.Build.0 = Debug|x64
		{97E3DDE2-6A37-4F4D-933E-FDB1772CC9C0}.Debug|x86.ActiveCfg = Debug|Win32
		{97E3DDE2-6A37-4F4D-933E-FDB1772CC9C0}.Debug|x86.Build.0 = Debug|Win32
		{97E3DDE2-6A37-4F4D-933E-FDB1772CC9C0}.Release|x64.ActiveCfg = Release|x64
		{97E3DDE2-6A37-4F4D-933E-FDB1772CC9C0}.Release|x64.Build.0 = Release|x64
		{97E3DDE2-6A37-4F4D-933E-FDB1772CC9C0}.Release|x86.ActiveCfg = Release|Win32
		{97E3DDE2-6A37-4F4D-933E-FDB1772CC9C0}.Release|x86.Build.0 = Release|Win32
		{9A7FF1D0-C555-4AD6-84D5-CF4C9703E1B0}.Debug|x64.ActiveCfg = Debug|x64
		{9A7FF1D0-C555-4AD6-84D5-CF4C9703E1B0}.Debug|x64.Build.0 = Debug|x64
		{9A7FF1D0-C555-4AD6-84D5-CF4C9703E1B0}.Debug|x86.ActiveCfg = Debug|Win32
		{9A7FF1D0-C555-4AD6-84D5-CF4C9703E1B0}.Debug|x86.Build.0 = Debug|Win32
		{9A7FF1D0-C555-4AD6-84D5-CF4C9703E1B0}.Release|x64.ActiveCfg = Release|x64
		{9A7FF1D0-C555-4AD6-84D5-CF4C9703E1B0}.Release|x64.Build.0 = Release|x64
		{9A7FF1D0-C555-4AD6-84D5-CF4C9703E1B0}.Release|x86.ActiveCfg = Release|Win32
		{9A7FF1D0-C555-4AD6-84D5-CF4C9703E1B0}.Release|x86.Build.0 = Release|Win32
		{BD9B6D0E-D789-4C76-9D8F-AC88FF0CAAF3}.Debug|x64.ActiveCfg = Debug|x64
		{BD9B6D0E-D789-4C76-9D8F-AC88FF0CAAF3}.Debug|x64.Build.0 = Debug|x64
		{BD9B6D0E-D789-4C76-9D8F-AC88FF0CAAF3}.Debug|x86.ActiveCfg = Debug|Win32
		{BD9B6D0E-D789-4C76-9D8F-AC88FF0CAAF3}.Debug|x86.Build.0 = Debug|Win32
		{BD9B6D0E-D789-4C76-9D8F-AC88FF0CAAF3}.Release|x64.ActiveCfg = Release|x64
		{BD9B6D0E-D789-4C76-9D8F-AC88FF0CAAF3}.Release|x64.Build.0 = Release|x64
		{BD9B6D0E-D789-4C76-9D8F-AC88FF0CAAF3}.Release|x86.ActiveCfg = Release|Win32
		{BD9B6D0E-D789-4C76-9D8F-AC88FF0CAAF3}.Release|x86.Build.0 = Release|Win32
		{DAF0D618-F83E-4462-8433-8DFE121CFB88}.Debug|x64.ActiveCfg = Debug|x64
		{DAF0D618-F83E-4462-8433-8DFE121CFB88}.Debug|x64.Build.0 = Debug|x64
		{DAF0D618-F83E-4462-8433-8DFE121CFB88}.Debug|x86.ActiveCfg = Debug|Win32
		{DAF0D618-F83E-4462-8433-8DFE121CFB88}.Debug|x86.Build.0 = Debug|Win32
		{DAF0D618-F83E-4462-8433-8DFE121CFB88}.Release|x64.ActiveCfg = Release|x64
		{DAF0D618-F83E-4462-8433-8DFE121CFB88}.Release|x64.Build.0 = Release|x64
		{DAF0D618-F83E-4462-8433-8DFE121CFB88}.Release|x86.ActiveCfg = Release|Win32
		{DAF0D618-F83E-4462-8433-8DFE121CFB88}.Release|x86.Build.0 = Release|Win32
		{86C2D239-38CC-415C-B887-76187F03C520}.Debug|x64.ActiveCfg = Debug|x64
		{86C2D239-38CC-415C-B887-76187F03C520}.Debug|x64.Build.0 = Debug|x64
		{86C2D239-38CC-415C-B887-76187F03C520}.Debug|x86.ActiveCfg = Debug|Win32
		{86C2D239-38CC-415C-B887-76187F03C520}.Debug|x86.Build.0 = Debug|Win32
		{86C2D239-38CC-415C-B887-76187F03C520}.Release|x64.ActiveCfg = Release|x64
		{86C2D239-38CC-415C-B887-76187F03C520}.Release|x64.Build.0 = Release|x64
		{86C2D239-38CC-415C-B887-76187F03C520}.Release|x86.ActiveCfg = Release|Win32
		{86C2D239-38CC-415C-B887-76187F03C520}.Release|x86.Build.0 = Release|Win32
		{B300E17B-1256-4308-BCAC-97354C6B4C9B}.Debug|x64.ActiveCfg = Debug|x64
		{B300E17B-1256-4308-BCAC-97354C6B4C9B}.Debug|x64.Build.0 = Debug|x64
		{B300E17B-1256-4308-BCAC-97354C6B4C9B}.Debug|x86.ActiveCfg = Debug|Win32
		{B300E17B-1256-4308-BCAC-97354C6B4C9B}.Debug|x86.Build.0 = Debug|Win32
		{B300E17B-1256-4308-BCAC-97354C6B4C9B}.Release|x64.ActiveCfg = Release|x64
		{B300E17B-1256-4308-BCAC-97354C6B4C9B}.Release|x64.Build.0 = Release|x64
		{B300E17B-1256-4308-BCAC-97354C6B4C9B}.Release|x86.ActiveCfg = Release|Win32
		{B300E17B-1256-4308-BCAC-97354C6B4C9B}.Release|x86.Build.0 = Release|Win32
		{2CB2C33B-7C8C-4FF3-9D52-291E29E358A0}.Debug|x64.ActiveCfg = Debug|x64
		{2CB2C33B-7C8C-4FF3-9D52-291E29E358A0}.Debug|x64.Build.0 = Debug|x64
		{2CB2C33B-7C8C-4FF3-9D52-291E29E358A0}.Debug|x86.ActiveCfg = Debug|Win32
		{2CB2C33B-7C8C-4FF3-9D52-291E29E358A0}.Debug|x86.Build.0 = Debug|Win32
		{2CB2C33B-7C8C-4FF3-9D52-291E29E358A0}.Release|x64.ActiveCfg = Release|x64
		{2CB2C33B-7C8C-4FF3-9D52-291E29E358A0}.Release|x64.Build.0 = Release|x64
		{2CB2C33B-7C8C-4FF3-9D52-291E29E358A0}.Release|x86.ActiveCfg = Release|Win32
		{2CB2C33B-7C8C-4FF3-9D52-291E29E358A0}.Release|x86.Build.0 = Release|Win32
		{8BF74E79-EC25-49B8-A039-522FB67DE6DA}.Debug|x64.ActiveCfg = Debug|x64
		{8BF74E79-EC25-49B8-A039-522FB67DE6DA}.Debug|x64.Build.0 = Debug|x64
		{8BF74E79-EC25-49B8-A039-522FB67DE6DA}.Debug|x86.ActiveCfg = Debug|Win32
		{8BF74E79-EC25-49B8-A039-522FB67DE6DA}.Debug|x86.Build.0 = Debug|Win32
		{8BF74E79-EC25-49B8-A039-522FB67DE6DA}.Release|x64.ActiveCfg = Release|x64
		{8BF74E79-EC25-49B8-A039-522FB67DE6DA}.Release|x64.Build.0 = Release|x64
		{8BF74E79-EC25-49B8-A039-522FB67DE6DA}.Release|x86.ActiveCfg = Release|Win32
		{8BF74E79-EC25-49B8-A039-522FB67DE6DA}.Release|x86.Build.0 = Release|Win32
		{6057A351-3202-415F-911E-5BC333EA435F}.Debug|x64.ActiveCfg = Debug|x64
		{6057A351-3202-415F-911E-5BC333EA435F}.Debug|x64.Build.0 = Debug|x64
		{6057A351-3202-415F-911E-5BC333EA435F}.Debug|x86.ActiveCfg = Debug|Win32
		{6057A351-3202-415F-911E-5BC333EA435F}.Debug|x86.Build.0 = Debug|Win32
		{6057A351-3202-415F-911E-5BC333EA435F}.Release|x64.ActiveCfg = Release|x64
		{6057A351-3202-415F-911E-5BC333EA435F}.Release|x64.Build.0 = Release|x64
		{6057A351-3202-415F-911E-5BC333EA435F}.Release|x86.ActiveCfg = Release|Win32
		{6057A351-3202-415F-911E-5BC333EA435F}.Release|x86.Build.0 = Release|Win32
	EndGlobalSection
	GlobalSection(SolutionProperties) = preSolution
		HideSolutionNode = FALSE
	EndGlobalSection
	GlobalSection(ExtensibilityGlobals) = postSolution
		SolutionGuid = {26FE35B9-9461-49D3-BB65-317BFD74B146}
	EndGlobalSection
EndGlobal
